// !$*UTF8*$!
{
	archiveVersion = 1;
	classes = {
	};
	objectVersion = 46;
	objects = {

/* Begin PBXBuildFile section */
		59C4F46D1DF9033C004A23E1 /* AppDelegate.swift in Sources */ = {isa = PBXBuildFile; fileRef = 59C4F46C1DF9033C004A23E1 /* AppDelegate.swift */; };
		59C4F46F1DF9033C004A23E1 /* ViewController.swift in Sources */ = {isa = PBXBuildFile; fileRef = 59C4F46E1DF9033C004A23E1 /* ViewController.swift */; };
		59C4F4721DF9033C004A23E1 /* Main.storyboard in Resources */ = {isa = PBXBuildFile; fileRef = 59C4F4701DF9033C004A23E1 /* Main.storyboard */; };
		59C4F4741DF9033C004A23E1 /* Assets.xcassets in Resources */ = {isa = PBXBuildFile; fileRef = 59C4F4731DF9033C004A23E1 /* Assets.xcassets */; };
		59C4F4771DF9033C004A23E1 /* LaunchScreen.storyboard in Resources */ = {isa = PBXBuildFile; fileRef = 59C4F4751DF9033C004A23E1 /* LaunchScreen.storyboard */; };
		59C4F47F1DF903DB004A23E1 /* SwiftProgressHUD.swift in Sources */ = {isa = PBXBuildFile; fileRef = 59C4F47E1DF903DB004A23E1 /* SwiftProgressHUD.swift */; };
/* End PBXBuildFile section */

/* Begin PBXFileReference section */
		59C4F4691DF9033C004A23E1 /* swiftProgressHUD.app */ = {isa = PBXFileReference; explicitFileType = wrapper.application; includeInIndex = 0; path = swiftProgressHUD.app; sourceTree = BUILT_PRODUCTS_DIR; };
		59C4F46C1DF9033C004A23E1 /* AppDelegate.swift */ = {isa = PBXFileReference; lastKnownFileType = sourcecode.swift; path = AppDelegate.swift; sourceTree = "<group>"; };
		59C4F46E1DF9033C004A23E1 /* ViewController.swift */ = {isa = PBXFileReference; lastKnownFileType = sourcecode.swift; path = ViewController.swift; sourceTree = "<group>"; };
		59C4F4711DF9033C004A23E1 /* Base */ = {isa = PBXFileReference; lastKnownFileType = file.storyboard; name = Base; path = Base.lproj/Main.storyboard; sourceTree = "<group>"; };
		59C4F4731DF9033C004A23E1 /* Assets.xcassets */ = {isa = PBXFileReference; lastKnownFileType = folder.assetcatalog; path = Assets.xcassets; sourceTree = "<group>"; };
		59C4F4761DF9033C004A23E1 /* Base */ = {isa = PBXFileReference; lastKnownFileType = file.storyboard; name = Base; path = Base.lproj/LaunchScreen.storyboard; sourceTree = "<group>"; };
		59C4F4781DF9033C004A23E1 /* Info.plist */ = {isa = PBXFileReference; lastKnownFileType = text.plist.xml; path = Info.plist; sourceTree = "<group>"; };
		59C4F47E1DF903DB004A23E1 /* SwiftProgressHUD.swift */ = {isa = PBXFileReference; fileEncoding = 4; lastKnownFileType = sourcecode.swift; path = SwiftProgressHUD.swift; sourceTree = "<group>"; };
/* End PBXFileReference section */

/* Begin PBXFrameworksBuildPhase section */
		59C4F4661DF9033C004A23E1 /* Frameworks */ = {
			isa = PBXFrameworksBuildPhase;
			buildActionMask = 2147483647;
			files = (
			);
			runOnlyForDeploymentPostprocessing = 0;
		};
/* End PBXFrameworksBuildPhase section */

/* Begin PBXGroup section */
		59C4F4601DF9033C004A23E1 = {
			isa = PBXGroup;
			children = (
				59C4F46B1DF9033C004A23E1 /* swiftProgressHUD */,
				59C4F46A1DF9033C004A23E1 /* Products */,
			);
			sourceTree = "<group>";
		};
		59C4F46A1DF9033C004A23E1 /* Products */ = {
			isa = PBXGroup;
			children = (
				59C4F4691DF9033C004A23E1 /* swiftProgressHUD.app */,
			);
			name = Products;
			sourceTree = "<group>";
		};
		59C4F46B1DF9033C004A23E1 /* swiftProgressHUD */ = {
			isa = PBXGroup;
			children = (
				59C4F47E1DF903DB004A23E1 /* SwiftProgressHUD.swift */,
				59C4F46C1DF9033C004A23E1 /* AppDelegate.swift */,
				59C4F46E1DF9033C004A23E1 /* ViewController.swift */,
				59C4F4701DF9033C004A23E1 /* Main.storyboard */,
				59C4F4731DF9033C004A23E1 /* Assets.xcassets */,
				59C4F4751DF9033C004A23E1 /* LaunchScreen.storyboard */,
				59C4F4781DF9033C004A23E1 /* Info.plist */,
			);
			path = swiftProgressHUD;
			sourceTree = "<group>";
		};
/* End PBXGroup section */

/* Begin PBXNativeTarget section */
		59C4F4681DF9033C004A23E1 /* swiftProgressHUD */ = {
			isa = PBXNativeTarget;
			buildConfigurationList = 59C4F47B1DF9033C004A23E1 /* Build configuration list for PBXNativeTarget "swiftProgressHUD" */;
			buildPhases = (
				59C4F4651DF9033C004A23E1 /* Sources */,
				59C4F4661DF9033C004A23E1 /* Frameworks */,
				59C4F4671DF9033C004A23E1 /* Resources */,
			);
			buildRules = (
			);
			dependencies = (
			);
			name = swiftProgressHUD;
			productName = swiftProgressHUD;
			productReference = 59C4F4691DF9033C004A23E1 /* swiftProgressHUD.app */;
			productType = "com.apple.product-type.application";
		};
/* End PBXNativeTarget section */

/* Begin PBXProject section */
		59C4F4611DF9033C004A23E1 /* Project object */ = {
			isa = PBXProject;
			attributes = {
				LastSwiftUpdateCheck = 0810;
				LastUpgradeCheck = 0810;
				ORGANIZATIONNAME = dacai;
				TargetAttributes = {
					59C4F4681DF9033C004A23E1 = {
						CreatedOnToolsVersion = 8.1;
						DevelopmentTeam = Y5U92FD2EM;
						ProvisioningStyle = Automatic;
					};
				};
			};
			buildConfigurationList = 59C4F4641DF9033C004A23E1 /* Build configuration list for PBXProject "swiftProgressHUD" */;
			compatibilityVersion = "Xcode 3.2";
			developmentRegion = English;
			hasScannedForEncodings = 0;
			knownRegions = (
				en,
				Base,
			);
			mainGroup = 59C4F4601DF9033C004A23E1;
			productRefGroup = 59C4F46A1DF9033C004A23E1 /* Products */;
			projectDirPath = "";
			projectRoot = "";
			targets = (
				59C4F4681DF9033C004A23E1 /* swiftProgressHUD */,
			);
		};
/* End PBXProject section */

/* Begin PBXResourcesBuildPhase section */
		59C4F4671DF9033C004A23E1 /* Resources */ = {
			isa = PBXResourcesBuildPhase;
			buildActionMask = 2147483647;
			files = (
				59C4F4771DF9033C004A23E1 /* LaunchScreen.storyboard in Resources */,
				59C4F4741DF9033C004A23E1 /* Assets.xcassets in Resources */,
				59C4F4721DF9033C004A23E1 /* Main.storyboard in Resources */,
			);
			runOnlyForDeploymentPostprocessing = 0;
		};
/* End PBXResourcesBuildPhase section */

/* Begin PBXSourcesBuildPhase section */
		59C4F4651DF9033C004A23E1 /* Sources */ = {
			isa = PBXSourcesBuildPhase;
			buildActionMask = 2147483647;
			files = (
				59C4F46F1DF9033C004A23E1 /* ViewController.swift in Sources */,
				59C4F47F1DF903DB004A23E1 /* SwiftProgressHUD.swift in Sources */,
				59C4F46D1DF9033C004A23E1 /* AppDelegate.swift in Sources */,
			);
			runOnlyForDeploymentPostprocessing = 0;
		};
/* End PBXSourcesBuildPhase section */

/* Begin PBXVariantGroup section */
		59C4F4701DF9033C004A23E1 /* Main.storyboard */ = {
			isa = PBXVariantGroup;
			children = (
				59C4F4711DF9033C004A23E1 /* Base */,
			);
			name = Main.storyboard;
			sourceTree = "<group>";
		};
		59C4F4751DF9033C004A23E1 /* LaunchScreen.storyboard */ = {
			isa = PBXVariantGroup;
			children = (
				59C4F4761DF9033C004A23E1 /* Base */,
			);
			name = LaunchScreen.storyboard;
			sourceTree = "<group>";
		};
/* End PBXVariantGroup section */

/* Begin XCBuildConfiguration section */
		59C4F4791DF9033C004A23E1 /* Debug */ = {
			isa = XCBuildConfiguration;
			buildSettings = {
				ALWAYS_SEARCH_USER_PATHS = NO;
				CLANG_ANALYZER_NONNULL = YES;
				CLANG_CXX_LANGUAGE_STANDARD = "gnu++0x";
				CLANG_CXX_LIBRARY = "libc++";
				CLANG_ENABLE_MODULES = YES;
				CLANG_ENABLE_OBJC_ARC = YES;
				CLANG_WARN_BOOL_CONVERSION = YES;
				CLANG_WARN_CONSTANT_CONVERSION = YES;
				CLANG_WARN_DIRECT_OBJC_ISA_USAGE = YES_ERROR;
				CLANG_WARN_DOCUMENTATION_COMMENTS = YES;
				CLANG_WARN_EMPTY_BODY = YES;
				CLANG_WARN_ENUM_CONVERSION = YES;
				CLANG_WARN_INFINITE_RECURSION = YES;
				CLANG_WARN_INT_CONVERSION = YES;
				CLANG_WARN_OBJC_ROOT_CLASS = YES_ERROR;
				CLANG_WARN_SUSPICIOUS_MOVES = YES;
				CLANG_WARN_UNREACHABLE_CODE = YES;
				CLANG_WARN__DUPLICATE_METHOD_MATCH = YES;
				"CODE_SIGN_IDENTITY[sdk=iphoneos*]" = "iPhone Developer";
				COPY_PHASE_STRIP = NO;
				DEBUG_INFORMATION_FORMAT = dwarf;
				ENABLE_STRICT_OBJC_MSGSEND = YES;
				ENABLE_TESTABILITY = YES;
				GCC_C_LANGUAGE_STANDARD = gnu99;
				GCC_DYNAMIC_NO_PIC = NO;
				GCC_NO_COMMON_BLOCKS = YES;
				GCC_OPTIMIZATION_LEVEL = 0;
				GCC_PREPROCESSOR_DEFINITIONS = (
					"DEBUG=1",
					"$(inherited)",
				);
				GCC_WARN_64_TO_32_BIT_CONVERSION = YES;
				GCC_WARN_ABOUT_RETURN_TYPE = YES_ERROR;
				GCC_WARN_UNDECLARED_SELECTOR = YES;
				GCC_WARN_UNINITIALIZED_AUTOS = YES_AGGRESSIVE;
				GCC_WARN_UNUSED_FUNCTION = YES;
				GCC_WARN_UNUSED_VARIABLE = YES;
				IPHONEOS_DEPLOYMENT_TARGET = 10.1;
				MTL_ENABLE_DEBUG_INFO = YES;
				ONLY_ACTIVE_ARCH = YES;
				SDKROOT = iphoneos;
				SWIFT_ACTIVE_COMPILATION_CONDITIONS = DEBUG;
				SWIFT_OPTIMIZATION_LEVEL = "-Onone";
			};
			name = Debug;
		};
		59C4F47A1DF9033C004A23E1 /* Release */ = {
			isa = XCBuildConfiguration;
			buildSettings = {
				ALWAYS_SEARCH_USER_PATHS = NO;
				CLANG_ANALYZER_NONNULL = YES;
				CLANG_CXX_LANGUAGE_STANDARD = "gnu++0x";
				CLANG_CXX_LIBRARY = "libc++";
				CLANG_ENABLE_MODULES = YES;
				CLANG_ENABLE_OBJC_ARC = YES;
				CLANG_WARN_BOOL_CONVERSION = YES;
				CLANG_WARN_CONSTANT_CONVERSION = YES;
				CLANG_WARN_DIRECT_OBJC_ISA_USAGE = YES_ERROR;
				CLANG_WARN_DOCUMENTATION_COMMENTS = YES;
				CLANG_WARN_EMPTY_BODY = YES;
				CLANG_WARN_ENUM_CONVERSION = YES;
				CLANG_WARN_INFINITE_RECURSION = YES;
				CLANG_WARN_INT_CONVERSION = YES;
				CLANG_WARN_OBJC_ROOT_CLASS = YES_ERROR;
				CLANG_WARN_SUSPICIOUS_MOVES = YES;
				CLANG_WARN_UNREACHABLE_CODE = YES;
				CLANG_WARN__DUPLICATE_METHOD_MATCH = YES;
				"CODE_SIGN_IDENTITY[sdk=iphoneos*]" = "iPhone Developer";
				COPY_PHASE_STRIP = NO;
				DEBUG_INFORMATION_FORMAT = "dwarf-with-dsym";
				ENABLE_NS_ASSERTIONS = NO;
				ENABLE_STRICT_OBJC_MSGSEND = YES;
				GCC_C_LANGUAGE_STANDARD = gnu99;
				GCC_NO_COMMON_BLOCKS = YES;
				GCC_WARN_64_TO_32_BIT_CONVERSION = YES;
				GCC_WARN_ABOUT_RETURN_TYPE = YES_ERROR;
				GCC_WARN_UNDECLARED_SELECTOR = YES;
				GCC_WARN_UNINITIALIZED_AUTOS = YES_AGGRESSIVE;
				GCC_WARN_UNUSED_FUNCTION = YES;
				GCC_WARN_UNUSED_VARIABLE = YES;
				IPHONEOS_DEPLOYMENT_TARGET = 10.1;
				MTL_ENABLE_DEBUG_INFO = NO;
				SDKROOT = iphoneos;
				SWIFT_OPTIMIZATION_LEVEL = "-Owholemodule";
				VALIDATE_PRODUCT = YES;
			};
			name = Release;
		};
		59C4F47C1DF9033C004A23E1 /* Debug */ = {
			isa = XCBuildConfiguration;
			buildSettings = {
				ASSETCATALOG_COMPILER_APPICON_NAME = AppIcon;
				DEVELOPMENT_TEAM = Y5U92FD2EM;
				INFOPLIST_FILE = swiftProgressHUD/Info.plist;
				LD_RUNPATH_SEARCH_PATHS = "$(inherited) @executable_path/Frameworks";
				PRODUCT_BUNDLE_IDENTIFIER = com.fmlcar.swiftProgressHUD;
				PRODUCT_NAME = "$(TARGET_NAME)";
				SWIFT_VERSION = 3.0;
			};
			name = Debug;
		};
		59C4F47D1DF9033C004A23E1 /* Release */ = {
			isa = XCBuildConfiguration;
			buildSettings = {
				ASSETCATALOG_COMPILER_APPICON_NAME = AppIcon;
				DEVELOPMENT_TEAM = Y5U92FD2EM;
				INFOPLIST_FILE = swiftProgressHUD/Info.plist;
				LD_RUNPATH_SEARCH_PATHS = "$(inherited) @executable_path/Frameworks";
				PRODUCT_BUNDLE_IDENTIFIER = com.fmlcar.swiftProgressHUD;
				PRODUCT_NAME = "$(TARGET_NAME)";
				SWIFT_VERSION = 3.0;
			};
			name = Release;
		};
/* End XCBuildConfiguration section */

/* Begin XCConfigurationList section */
		59C4F4641DF9033C004A23E1 /* Build configuration list for PBXProject "swiftProgressHUD" */ = {
			isa = XCConfigurationList;
			buildConfigurations = (
				59C4F4791DF9033C004A23E1 /* Debug */,
				59C4F47A1DF9033C004A23E1 /* Release */,
			);
			defaultConfigurationIsVisible = 0;
			defaultConfigurationName = Release;
		};
		59C4F47B1DF9033C004A23E1 /* Build configuration list for PBXNativeTarget "swiftProgressHUD" */ = {
			isa = XCConfigurationList;
			buildConfigurations = (
				59C4F47C1DF9033C004A23E1 /* Debug */,
				59C4F47D1DF9033C004A23E1 /* Release */,
			);
			defaultConfigurationIsVisible = 0;
			defaultConfigurationName = Release;
		};
/* End XCConfigurationList section */
	};
	rootObject = 59C4F4611DF9033C004A23E1 /* Project object */;
}
